# @generated by Move, please check-in and do not edit manually.

[move]
version = 2
manifest_digest = "AE5C2D843E944C61DEA219C72FAA82FA32EF276951C193E4C56673E187E6E8B5"
deps_digest = "F8BBB0CCB2491CA29A3DF03D6F92277A4F3574266507ACD77214D37ECA3F3082"
dependencies = [
  { name = "Sui" },
]

[[move.package]]
name = "MoveStdlib"
source = { git = "https://github.com/MystenLabs/sui.git", rev = "framework/testnet", subdir = "crates/sui-framework/packages/move-stdlib" }

[[move.package]]
name = "Sui"
source = { git = "https://github.com/MystenLabs/sui.git", rev = "framework/testnet", subdir = "crates/sui-framework/packages/sui-framework" }

dependencies = [
  { name = "MoveStdlib" },
]

[move.toolchain-version]
compiler-version = "1.27.0"
edition = "2024.beta"
flavor = "sui"

[env]

[env.devnet]
chain-id = "ddb98719"
original-published-id = "0x92923b31af5a99f6ad42a932a06cc094dac877f664c3e21b10a09b874d616125"
latest-published-id = "0x92923b31af5a99f6ad42a932a06cc094dac877f664c3e21b10a09b874d616125"
published-version = "1"

[env.ankr-testnet]
chain-id = "4c78adac"
original-published-id = "0xe08560c1186b5d6cee1623c1a251f0879e998ded8c27f64302632f18cadea5f2"
latest-published-id = "0xe08560c1186b5d6cee1623c1a251f0879e998ded8c27f64302632f18cadea5f2"
published-version = "1"
